github.com/bsanzhiev/DSA-in-Go-book/searching v0.0.0-20231227032751-7fb71ca852fa h1:g7VWBf+VJpLxpCdJn4l57ANREWZ1e05TWxzz/T6VwuA=
github.com/bsanzhiev/DSA-in-Go-book/searching v0.0.0-20231227032751-7fb71ca852fa/go.mod h1:87F+I/icHZ23wQlVi8+ifterMBPmGazSu0KKY2nORAU=
github.com/bsanzhiev/DSA-in-Go-book/searching v0.0.0-20240126075337-6f8a8f8b9e46 h1:8+FmK+s3SSpKhNcLl0pZ5rVEOfrsK2eiJl0L6iwXUrM=
github.com/bsanzhiev/DSA-in-Go-book/searching v0.0.0-20240126075337-6f8a8f8b9e46/go.mod h1:87F+I/icHZ23wQlVi8+ifterMBPmGazSu0KKY2nORAU=
